[root]
name = "sokoban"
version = "0.0.1"
dependencies = [
 "sdl2 0.0.7 (git+https://github.com/AngryLawyer/rust-sdl2.git)",
 "sdl2_image 0.0.1-alpha.1 (git+https://github.com/xsleonard/rust-sdl2_image)",
]

[[package]]
name = "sdl2"
version = "0.0.7"
source = "git+https://github.com/AngryLawyer/rust-sdl2.git#81daa9f8eed74e154f34597cde2d4ed9041f0ac4"

[[package]]
name = "sdl2_image"
version = "0.0.1-alpha.1"
source = "git+https://github.com/xsleonard/rust-sdl2_image#d47bcc4790cd28919c2d635c70495ae7bda6ce88"
dependencies = [
 "sdl2 0.0.7 (git+https://github.com/AngryLawyer/rust-sdl2.git)",
]

